<?xml version="1.0" encoding="UTF-8" standalone="yes" ?>
<CodeBlocks_project_file>
	<FileVersion major="1" minor="6" />
	<Project>
		<Option title="basic" />
		<Option pch_mode="2" />
		<Option compiler="gcc" />
		<Build>
			<Target title="Debug">
				<Option output="../../bin/basic_d" prefix_auto="1" extension_auto="1" />
				<Option object_output="obj/Debug/" />
				<Option type="1" />
				<Option compiler="gcc" />
				<Compiler>
					<Add option="-g" />
				</Compiler>
				<Linker>
					<Add library="../../bin/libmixin_d.so" />
				</Linker>
			</Target>
			<Target title="Release">
				<Option output="../../bin/basic" prefix_auto="1" extension_auto="1" />
				<Option object_output="obj/Release/" />
				<Option type="1" />
				<Option compiler="gcc" />
				<Compiler>
					<Add option="-O2" />
				</Compiler>
				<Linker>
					<Add option="-s" />
					<Add library="../../bin/libmixin.so" />
				</Linker>
			</Target>
		</Build>
		<Compiler>
			<Add option="-std=c++0x" />
			<Add option="-Wall" />
			<Add option="-fexceptions" />
			<Add directory="../../../.." />
		</Compiler>
		<Unit filename="basic.hpp" />
		<Unit filename="d3d_renderer.cpp" />
		<Unit filename="d3d_renderer.hpp" />
		<Unit filename="d3d_renderer_mixin.hpp" />
		<Unit filename="gl_renderer.cpp" />
		<Unit filename="gl_renderer.hpp" />
		<Unit filename="gl_renderer_mixin.hpp" />
		<Unit filename="has_id.cpp" />
		<Unit filename="has_id.hpp" />
		<Unit filename="has_id_mixin.hpp" />
		<Unit filename="main.cpp" />
		<Unit filename="object_manager.cpp" />
		<Unit filename="object_manager.hpp" />
		<Unit filename="rendering_messages.cpp" />
		<Unit filename="rendering_messages.hpp" />
		<Unit filename="system_messages.cpp" />
		<Unit filename="system_messages.hpp" />
		<Unit filename="transform.cpp" />
		<Unit filename="transform.hpp" />
		<Unit filename="transform_messages.cpp" />
		<Unit filename="transform_messages.hpp" />
		<Unit filename="transform_mixin.hpp" />
		<Extensions>
			<code_completion />
			<envvars />
			<lib_finder disable_auto="1" />
			<debugger />
			<DoxyBlocks>
				<comment_style block="0" line="0" />
				<doxyfile_project />
				<doxyfile_build />
				<doxyfile_warnings />
				<doxyfile_output />
				<doxyfile_dot />
				<general />
			</DoxyBlocks>
		</Extensions>
	</Project>
</CodeBlocks_project_file>
