<?xml version="1.0" encoding="utf-8"?>
<Project ToolsVersion="4.0" xmlns="http://schemas.microsoft.com/developer/msbuild/2003">
  <ItemGroup>
    <ClCompile Include="main.cpp" />
    <ClCompile Include="object_factory.cpp" />
    <ClCompile Include="exe_mixin.cpp" />
  </ItemGroup>
  <ItemGroup>
    <ClInclude Include="executable_pch.hpp" />
    <ClInclude Include="object_factory.hpp" />
    <ClInclude Include="exe_mixin.hpp" />
    <ClInclude Include="exe_mixin_fwd.hpp" />
  </ItemGroup>
</Project>